
Microsoft Visual Studio Solution File, Format Version 12.00
# Visual Studio Version 17
VisualStudioVersion = 17.4.33122.133
MinimumVisualStudioVersion = 10.0.40219.1
Project("{FAE04EC0-301F-11D3-BF4B-00C04F79EFBC}") = "WebApplication1", "WebApplication1\WebApplication1.csproj", "{1CDBEFA6-0035-48B3-81E9-601CF4A988E7}"
EndProject
Global
	GlobalSection(SolutionConfigurationPlatforms) = preSolution
		Debug|Any CPU = Debug|Any CPU
		Release|Any CPU = Release|Any CPU
	EndGlobalSection
	GlobalSection(ProjectConfigurationPlatforms) = postSolution
		{1CDBEFA6-0035-48B3-81E9-601CF4A988E7}.Debug|Any CPU.ActiveCfg = Debug|Any CPU
		{1CDBEFA6-0035-48B3-81E9-601CF4A988E7}.Debug|Any CPU.Build.0 = Debug|Any CPU
		{1CDBEFA6-0035-48B3-81E9-601CF4A988E7}.Release|Any CPU.ActiveCfg = Release|Any CPU
		{1CDBEFA6-0035-48B3-81E9-601CF4A988E7}.Release|Any CPU.Build.0 = Release|Any CPU
	EndGlobalSection
	GlobalSection(SolutionProperties) = preSolution
		HideSolutionNode = FALSE
	EndGlobalSection
	GlobalSection(ExtensibilityGlobals) = postSolution
		SolutionGuid = {CBC81183-1B42-4A5A-8E0C-866D70F5D670}
	EndGlobalSection
EndGlobal
